// !$*UTF8*$!
{
	archiveVersion = 1;
	classes = {
	};
	objectVersion = 56;
	objects = {

/* Begin PBXBuildFile section */
		011B03DD2D81C7EA0086605C /* AlaremBackgroundPicker.swift in Sources */ = {isa = PBXBuildFile; fileRef = 011B03DC2D81C7EA0086605C /* AlaremBackgroundPicker.swift */; };
		011B03DF2D83F8540086605C /* OnboardingView.swift in Sources */ = {isa = PBXBuildFile; fileRef = 011B03DE2D83F8540086605C /* OnboardingView.swift */; };
		011B03E12D8402480086605C /* ProfileViewModel.swift in Sources */ = {isa = PBXBuildFile; fileRef = 011B03E02D8402480086605C /* ProfileViewModel.swift */; };
		011B03E32D84029F0086605C /* ProfileView.swift in Sources */ = {isa = PBXBuildFile; fileRef = 011B03E22D84029F0086605C /* ProfileView.swift */; };
		011B03E62D8405070086605C /* FirebaseAnalytics in Frameworks */ = {isa = PBXBuildFile; productRef = 011B03E52D8405070086605C /* FirebaseAnalytics */; };
		011B03E82D8405070086605C /* FirebaseAnalyticsOnDeviceConversion in Frameworks */ = {isa = PBXBuildFile; productRef = 011B03E72D8405070086605C /* FirebaseAnalyticsOnDeviceConversion */; };
		011B03EA2D8405070086605C /* FirebaseAnalyticsWithoutAdIdSupport in Frameworks */ = {isa = PBXBuildFile; productRef = 011B03E92D8405070086605C /* FirebaseAnalyticsWithoutAdIdSupport */; };
		011B03EC2D8405070086605C /* FirebaseAppCheck in Frameworks */ = {isa = PBXBuildFile; productRef = 011B03EB2D8405070086605C /* FirebaseAppCheck */; };
		011B03EE2D8405070086605C /* FirebaseAppDistribution-Beta in Frameworks */ = {isa = PBXBuildFile; productRef = 011B03ED2D8405070086605C /* FirebaseAppDistribution-Beta */; };
		011B03F02D8405070086605C /* FirebaseAuth in Frameworks */ = {isa = PBXBuildFile; productRef = 011B03EF2D8405070086605C /* FirebaseAuth */; };
		011B03F22D8405070086605C /* FirebaseAuthCombine-Community in Frameworks */ = {isa = PBXBuildFile; productRef = 011B03F12D8405070086605C /* FirebaseAuthCombine-Community */; };
		011B03F42D8405070086605C /* FirebaseCore in Frameworks */ = {isa = PBXBuildFile; productRef = 011B03F32D8405070086605C /* FirebaseCore */; };
		011B03F62D8405070086605C /* FirebaseCrashlytics in Frameworks */ = {isa = PBXBuildFile; productRef = 011B03F52D8405070086605C /* FirebaseCrashlytics */; };
		011B03F82D8405070086605C /* FirebaseDatabase in Frameworks */ = {isa = PBXBuildFile; productRef = 011B03F72D8405070086605C /* FirebaseDatabase */; };
		011B03FA2D8405070086605C /* FirebaseDynamicLinks in Frameworks */ = {isa = PBXBuildFile; productRef = 011B03F92D8405070086605C /* FirebaseDynamicLinks */; };
		011B03FC2D8405070086605C /* FirebaseFirestore in Frameworks */ = {isa = PBXBuildFile; productRef = 011B03FB2D8405070086605C /* FirebaseFirestore */; };
		011B03FE2D8405070086605C /* FirebaseFirestoreCombine-Community in Frameworks */ = {isa = PBXBuildFile; productRef = 011B03FD2D8405070086605C /* FirebaseFirestoreCombine-Community */; };
		011B04002D8405070086605C /* FirebaseFunctions in Frameworks */ = {isa = PBXBuildFile; productRef = 011B03FF2D8405070086605C /* FirebaseFunctions */; };
		011B04022D8405070086605C /* FirebaseFunctionsCombine-Community in Frameworks */ = {isa = PBXBuildFile; productRef = 011B04012D8405070086605C /* FirebaseFunctionsCombine-Community */; };
		011B04042D8405070086605C /* FirebaseInAppMessaging-Beta in Frameworks */ = {isa = PBXBuildFile; productRef = 011B04032D8405070086605C /* FirebaseInAppMessaging-Beta */; };
		011B04062D8405070086605C /* FirebaseInstallations in Frameworks */ = {isa = PBXBuildFile; productRef = 011B04052D8405070086605C /* FirebaseInstallations */; };
		011B04082D8405070086605C /* FirebaseMessaging in Frameworks */ = {isa = PBXBuildFile; productRef = 011B04072D8405070086605C /* FirebaseMessaging */; };
		011B040A2D8405070086605C /* FirebaseMLModelDownloader in Frameworks */ = {isa = PBXBuildFile; productRef = 011B04092D8405070086605C /* FirebaseMLModelDownloader */; };
		011B040C2D8405070086605C /* FirebasePerformance in Frameworks */ = {isa = PBXBuildFile; productRef = 011B040B2D8405070086605C /* FirebasePerformance */; };
		011B040E2D8405070086605C /* FirebaseRemoteConfig in Frameworks */ = {isa = PBXBuildFile; productRef = 011B040D2D8405070086605C /* FirebaseRemoteConfig */; };
		011B04102D8405070086605C /* FirebaseStorage in Frameworks */ = {isa = PBXBuildFile; productRef = 011B040F2D8405070086605C /* FirebaseStorage */; };
		011B04122D8405070086605C /* FirebaseStorageCombine-Community in Frameworks */ = {isa = PBXBuildFile; productRef = 011B04112D8405070086605C /* FirebaseStorageCombine-Community */; };
		011B04142D8405070086605C /* FirebaseVertexAI in Frameworks */ = {isa = PBXBuildFile; productRef = 011B04132D8405070086605C /* FirebaseVertexAI */; };
		011B04162D8411520086605C /* ProfileEditView.swift in Sources */ = {isa = PBXBuildFile; fileRef = 011B04152D8411510086605C /* ProfileEditView.swift */; };
		011B04182D8413110086605C /* ImagePicker.swift in Sources */ = {isa = PBXBuildFile; fileRef = 011B04172D8413110086605C /* ImagePicker.swift */; };
		011B041A2D84132F0086605C /* MultiImagePicker.swift in Sources */ = {isa = PBXBuildFile; fileRef = 011B04192D84132F0086605C /* MultiImagePicker.swift */; };
		01E2258E2D801533008E3AE0 /* CheckListApp.swift in Sources */ = {isa = PBXBuildFile; fileRef = 01E2258D2D801533008E3AE0 /* CheckListApp.swift */; };
		01E225922D801536008E3AE0 /* Assets.xcassets in Resources */ = {isa = PBXBuildFile; fileRef = 01E225912D801536008E3AE0 /* Assets.xcassets */; };
		01E225952D801536008E3AE0 /* Preview Assets.xcassets in Resources */ = {isa = PBXBuildFile; fileRef = 01E225942D801536008E3AE0 /* Preview Assets.xcassets */; };
		01E225972D801536008E3AE0 /* Persistence.swift in Sources */ = {isa = PBXBuildFile; fileRef = 01E225962D801536008E3AE0 /* Persistence.swift */; };
		01E2259A2D801536008E3AE0 /* CheckList.xcdatamodeld in Sources */ = {isa = PBXBuildFile; fileRef = 01E225982D801536008E3AE0 /* CheckList.xcdatamodeld */; };
		01E225A42D801536008E3AE0 /* CheckListTests.swift in Sources */ = {isa = PBXBuildFile; fileRef = 01E225A32D801536008E3AE0 /* CheckListTests.swift */; };
		01E225AE2D801536008E3AE0 /* CheckListUITests.swift in Sources */ = {isa = PBXBuildFile; fileRef = 01E225AD2D801536008E3AE0 /* CheckListUITests.swift */; };
		01E225B02D801536008E3AE0 /* CheckListUITestsLaunchTests.swift in Sources */ = {isa = PBXBuildFile; fileRef = 01E225AF2D801536008E3AE0 /* CheckListUITestsLaunchTests.swift */; };
		01E225BF2D8019CC008E3AE0 /* SplashScreenView.swift in Sources */ = {isa = PBXBuildFile; fileRef = 01E225BD2D8019CC008E3AE0 /* SplashScreenView.swift */; };
		01E225FA2D803CEC008E3AE0 /* User.swift in Sources */ = {isa = PBXBuildFile; fileRef = 01E225F42D803CEC008E3AE0 /* User.swift */; };
		01E225FC2D803CEC008E3AE0 /* AuthenticationService.swift in Sources */ = {isa = PBXBuildFile; fileRef = 01E225F82D803CEC008E3AE0 /* AuthenticationService.swift */; };
		01E226032D804893008E3AE0 /* GoogleService-Info.plist in Resources */ = {isa = PBXBuildFile; fileRef = 01E226022D804893008E3AE0 /* GoogleService-Info.plist */; };
		01E226072D8049E4008E3AE0 /* AppDelegate.swift in Sources */ = {isa = PBXBuildFile; fileRef = 01E226052D8049E4008E3AE0 /* AppDelegate.swift */; };
		01E2260C2D804EC4008E3AE0 /* LoginView.swift in Sources */ = {isa = PBXBuildFile; fileRef = 01E2260A2D804EC4008E3AE0 /* LoginView.swift */; };
		01E226142D80544E008E3AE0 /* AuthenticationViewModel.swift in Sources */ = {isa = PBXBuildFile; fileRef = 01E226132D80544D008E3AE0 /* AuthenticationViewModel.swift */; };
		01E226182D80660E008E3AE0 /* HomeView.swift in Sources */ = {isa = PBXBuildFile; fileRef = 01E226172D80660E008E3AE0 /* HomeView.swift */; };
		01E2261A2D806EF2008E3AE0 /* Alarm.swift in Sources */ = {isa = PBXBuildFile; fileRef = 01E226192D806EF2008E3AE0 /* Alarm.swift */; };
		01E2261C2D806F1A008E3AE0 /* AlarmManager.swift in Sources */ = {isa = PBXBuildFile; fileRef = 01E2261B2D806F1A008E3AE0 /* AlarmManager.swift */; };
		01E2261E2D8073D4008E3AE0 /* AddAlarmView.swift in Sources */ = {isa = PBXBuildFile; fileRef = 01E2261D2D8073D4008E3AE0 /* AddAlarmView.swift */; };
		01E226202D8073F4008E3AE0 /* AlarmListView.swift in Sources */ = {isa = PBXBuildFile; fileRef = 01E2261F2D8073F4008E3AE0 /* AlarmListView.swift */; };
/* End PBXBuildFile section */

/* Begin PBXContainerItemProxy section */
		01E225A02D801536008E3AE0 /* PBXContainerItemProxy */ = {
			isa = PBXContainerItemProxy;
			containerPortal = 01E225822D801533008E3AE0 /* Project object */;
			proxyType = 1;
			remoteGlobalIDString = 01E225892D801533008E3AE0;
			remoteInfo = CheckList;
		};
		01E225AA2D801536008E3AE0 /* PBXContainerItemProxy */ = {
			isa = PBXContainerItemProxy;
			containerPortal = 01E225822D801533008E3AE0 /* Project object */;
			proxyType = 1;
			remoteGlobalIDString = 01E225892D801533008E3AE0;
			remoteInfo = CheckList;
		};
/* End PBXContainerItemProxy section */

/* Begin PBXFileReference section */
		011B03DC2D81C7EA0086605C /* AlaremBackgroundPicker.swift */ = {isa = PBXFileReference; lastKnownFileType = sourcecode.swift; path = AlaremBackgroundPicker.swift; sourceTree = "<group>"; };
		011B03DE2D83F8540086605C /* OnboardingView.swift */ = {isa = PBXFileReference; lastKnownFileType = sourcecode.swift; path = OnboardingView.swift; sourceTree = "<group>"; };
		011B03E02D8402480086605C /* ProfileViewModel.swift */ = {isa = PBXFileReference; lastKnownFileType = sourcecode.swift; path = ProfileViewModel.swift; sourceTree = "<group>"; };
		011B03E22D84029F0086605C /* ProfileView.swift */ = {isa = PBXFileReference; lastKnownFileType = sourcecode.swift; path = ProfileView.swift; sourceTree = "<group>"; };
		011B04152D8411510086605C /* ProfileEditView.swift */ = {isa = PBXFileReference; lastKnownFileType = sourcecode.swift; path = ProfileEditView.swift; sourceTree = "<group>"; };
		011B04172D8413110086605C /* ImagePicker.swift */ = {isa = PBXFileReference; lastKnownFileType = sourcecode.swift; path = ImagePicker.swift; sourceTree = "<group>"; };
		011B04192D84132F0086605C /* MultiImagePicker.swift */ = {isa = PBXFileReference; lastKnownFileType = sourcecode.swift; path = MultiImagePicker.swift; sourceTree = "<group>"; };
		01E2258A2D801533008E3AE0 /* CheckList.app */ = {isa = PBXFileReference; explicitFileType = wrapper.application; includeInIndex = 0; path = CheckList.app; sourceTree = BUILT_PRODUCTS_DIR; };
		01E2258D2D801533008E3AE0 /* CheckListApp.swift */ = {isa = PBXFileReference; lastKnownFileType = sourcecode.swift; path = CheckListApp.swift; sourceTree = "<group>"; };
		01E225912D801536008E3AE0 /* Assets.xcassets */ = {isa = PBXFileReference; lastKnownFileType = folder.assetcatalog; path = Assets.xcassets; sourceTree = "<group>"; };
		01E225942D801536008E3AE0 /* Preview Assets.xcassets */ = {isa = PBXFileReference; lastKnownFileType = folder.assetcatalog; path = "Preview Assets.xcassets"; sourceTree = "<group>"; };
		01E225962D801536008E3AE0 /* Persistence.swift */ = {isa = PBXFileReference; lastKnownFileType = sourcecode.swift; path = Persistence.swift; sourceTree = "<group>"; };
		01E225992D801536008E3AE0 /* CheckList.xcdatamodel */ = {isa = PBXFileReference; lastKnownFileType = wrapper.xcdatamodel; path = CheckList.xcdatamodel; sourceTree = "<group>"; };
		01E2259F2D801536008E3AE0 /* CheckListTests.xctest */ = {isa = PBXFileReference; explicitFileType = wrapper.cfbundle; includeInIndex = 0; path = CheckListTests.xctest; sourceTree = BUILT_PRODUCTS_DIR; };
		01E225A32D801536008E3AE0 /* CheckListTests.swift */ = {isa = PBXFileReference; lastKnownFileType = sourcecode.swift; path = CheckListTests.swift; sourceTree = "<group>"; };
		01E225A92D801536008E3AE0 /* CheckListUITests.xctest */ = {isa = PBXFileReference; explicitFileType = wrapper.cfbundle; includeInIndex = 0; path = CheckListUITests.xctest; sourceTree = BUILT_PRODUCTS_DIR; };
		01E225AD2D801536008E3AE0 /* CheckListUITests.swift */ = {isa = PBXFileReference; lastKnownFileType = sourcecode.swift; path = CheckListUITests.swift; sourceTree = "<group>"; };
		01E225AF2D801536008E3AE0 /* CheckListUITestsLaunchTests.swift */ = {isa = PBXFileReference; lastKnownFileType = sourcecode.swift; path = CheckListUITestsLaunchTests.swift; sourceTree = "<group>"; };
		01E225BD2D8019CC008E3AE0 /* SplashScreenView.swift */ = {isa = PBXFileReference; fileEncoding = 4; lastKnownFileType = sourcecode.swift; path = SplashScreenView.swift; sourceTree = "<group>"; };
		01E225F42D803CEC008E3AE0 /* User.swift */ = {isa = PBXFileReference; fileEncoding = 4; lastKnownFileType = sourcecode.swift; path = User.swift; sourceTree = "<group>"; };
		01E225F82D803CEC008E3AE0 /* AuthenticationService.swift */ = {isa = PBXFileReference; fileEncoding = 4; lastKnownFileType = sourcecode.swift; path = AuthenticationService.swift; sourceTree = "<group>"; };
		01E226022D804893008E3AE0 /* GoogleService-Info.plist */ = {isa = PBXFileReference; fileEncoding = 4; lastKnownFileType = text.plist.xml; path = "GoogleService-Info.plist"; sourceTree = "<group>"; };
		01E226052D8049E4008E3AE0 /* AppDelegate.swift */ = {isa = PBXFileReference; fileEncoding = 4; lastKnownFileType = sourcecode.swift; name = AppDelegate.swift; path = CheckList/AppDelegate.swift; sourceTree = SOURCE_ROOT; };
		01E2260A2D804EC4008E3AE0 /* LoginView.swift */ = {isa = PBXFileReference; fileEncoding = 4; lastKnownFileType = sourcecode.swift; path = LoginView.swift; sourceTree = "<group>"; };
		01E226132D80544D008E3AE0 /* AuthenticationViewModel.swift */ = {isa = PBXFileReference; fileEncoding = 4; lastKnownFileType = sourcecode.swift; path = AuthenticationViewModel.swift; sourceTree = "<group>"; };
		01E226172D80660E008E3AE0 /* HomeView.swift */ = {isa = PBXFileReference; fileEncoding = 4; lastKnownFileType = sourcecode.swift; path = HomeView.swift; sourceTree = "<group>"; };
		01E226192D806EF2008E3AE0 /* Alarm.swift */ = {isa = PBXFileReference; lastKnownFileType = sourcecode.swift; path = Alarm.swift; sourceTree = "<group>"; };
		01E2261B2D806F1A008E3AE0 /* AlarmManager.swift */ = {isa = PBXFileReference; lastKnownFileType = sourcecode.swift; path = AlarmManager.swift; sourceTree = "<group>"; };
		01E2261D2D8073D4008E3AE0 /* AddAlarmView.swift */ = {isa = PBXFileReference; lastKnownFileType = sourcecode.swift; path = AddAlarmView.swift; sourceTree = "<group>"; };
		01E2261F2D8073F4008E3AE0 /* AlarmListView.swift */ = {isa = PBXFileReference; lastKnownFileType = sourcecode.swift; path = AlarmListView.swift; sourceTree = "<group>"; };
/* End PBXFileReference section */

/* Begin PBXFrameworksBuildPhase section */
		01E225872D801533008E3AE0 /* Frameworks */ = {
			isa = PBXFrameworksBuildPhase;
			buildActionMask = 2147483647;
			files = (
				011B04082D8405070086605C /* FirebaseMessaging in Frameworks */,
				011B04142D8405070086605C /* FirebaseVertexAI in Frameworks */,
				011B03FE2D8405070086605C /* FirebaseFirestoreCombine-Community in Frameworks */,
				011B040C2D8405070086605C /* FirebasePerformance in Frameworks */,
				011B04122D8405070086605C /* FirebaseStorageCombine-Community in Frameworks */,
				011B040E2D8405070086605C /* FirebaseRemoteConfig in Frameworks */,
				011B04002D8405070086605C /* FirebaseFunctions in Frameworks */,
				011B03F82D8405070086605C /* FirebaseDatabase in Frameworks */,
				011B03FA2D8405070086605C /* FirebaseDynamicLinks in Frameworks */,
				011B03EC2D8405070086605C /* FirebaseAppCheck in Frameworks */,
				011B03F02D8405070086605C /* FirebaseAuth in Frameworks */,
				011B03E62D8405070086605C /* FirebaseAnalytics in Frameworks */,
				011B03FC2D8405070086605C /* FirebaseFirestore in Frameworks */,
				011B04062D8405070086605C /* FirebaseInstallations in Frameworks */,
				011B04022D8405070086605C /* FirebaseFunctionsCombine-Community in Frameworks */,
				011B03EE2D8405070086605C /* FirebaseAppDistribution-Beta in Frameworks */,
				011B040A2D8405070086605C /* FirebaseMLModelDownloader in Frameworks */,
				011B03EA2D8405070086605C /* FirebaseAnalyticsWithoutAdIdSupport in Frameworks */,
				011B04042D8405070086605C /* FirebaseInAppMessaging-Beta in Frameworks */,
				011B03F22D8405070086605C /* FirebaseAuthCombine-Community in Frameworks */,
				011B03F62D8405070086605C /* FirebaseCrashlytics in Frameworks */,
				011B04102D8405070086605C /* FirebaseStorage in Frameworks */,
				011B03F42D8405070086605C /* FirebaseCore in Frameworks */,
				011B03E82D8405070086605C /* FirebaseAnalyticsOnDeviceConversion in Frameworks */,
			);
			runOnlyForDeploymentPostprocessing = 0;
		};
		01E2259C2D801536008E3AE0 /* Frameworks */ = {
			isa = PBXFrameworksBuildPhase;
			buildActionMask = 2147483647;
			files = (
			);
			runOnlyForDeploymentPostprocessing = 0;
		};
		01E225A62D801536008E3AE0 /* Frameworks */ = {
			isa = PBXFrameworksBuildPhase;
			buildActionMask = 2147483647;
			files = (
			);
			runOnlyForDeploymentPostprocessing = 0;
		};
/* End PBXFrameworksBuildPhase section */

/* Begin PBXGroup section */
		011B03A32D818CA40086605C /* Frameworks */ = {
			isa = PBXGroup;
			children = (
			);
			name = Frameworks;
			sourceTree = "<group>";
		};
		011B041B2D8468FE0086605C /* Profile */ = {
			isa = PBXGroup;
			children = (
				011B03E22D84029F0086605C /* ProfileView.swift */,
				011B04152D8411510086605C /* ProfileEditView.swift */,
			);
			path = Profile;
			sourceTree = "<group>";
		};
		011B041C2D846B880086605C /* TabBar */ = {
			isa = PBXGroup;
			children = (
			);
			path = TabBar;
			sourceTree = "<group>";
		};
		01E225812D801533008E3AE0 = {
			isa = PBXGroup;
			children = (
				01E2258C2D801533008E3AE0 /* CheckList */,
				01E225A22D801536008E3AE0 /* CheckListTests */,
				01E225AC2D801536008E3AE0 /* CheckListUITests */,
				01E2258B2D801533008E3AE0 /* Products */,
				011B03A32D818CA40086605C /* Frameworks */,
			);
			sourceTree = "<group>";
		};
		01E2258B2D801533008E3AE0 /* Products */ = {
			isa = PBXGroup;
			children = (
				01E2258A2D801533008E3AE0 /* CheckList.app */,
				01E2259F2D801536008E3AE0 /* CheckListTests.xctest */,
				01E225A92D801536008E3AE0 /* CheckListUITests.xctest */,
			);
			name = Products;
			sourceTree = "<group>";
		};
		01E2258C2D801533008E3AE0 /* CheckList */ = {
			isa = PBXGroup;
			children = (
				01E2260B2D804EC4008E3AE0 /* Views */,
				01E226042D80489F008E3AE0 /* Info */,
				01E225F52D803CEC008E3AE0 /* Models */,
				01E225F92D803CEC008E3AE0 /* Services */,
				01E225F72D803CEC008E3AE0 /* ViewModels */,
				01E226092D804A89008E3AE0 /* Support */,
				01E226012D8047B1008E3AE0 /* CoreData */,
				01E226002D804788008E3AE0 /* Assets */,
				01E225FF2D804767008E3AE0 /* Main */,
				01E225932D801536008E3AE0 /* Preview Content */,
			);
			path = CheckList;
			sourceTree = "<group>";
		};
		01E225932D801536008E3AE0 /* Preview Content */ = {
			isa = PBXGroup;
			children = (
				01E225942D801536008E3AE0 /* Preview Assets.xcassets */,
			);
			path = "Preview Content";
			sourceTree = "<group>";
		};
		01E225A22D801536008E3AE0 /* CheckListTests */ = {
			isa = PBXGroup;
			children = (
				01E225A32D801536008E3AE0 /* CheckListTests.swift */,
			);
			path = CheckListTests;
			sourceTree = "<group>";
		};
		01E225AC2D801536008E3AE0 /* CheckListUITests */ = {
			isa = PBXGroup;
			children = (
				01E225AD2D801536008E3AE0 /* CheckListUITests.swift */,
				01E225AF2D801536008E3AE0 /* CheckListUITestsLaunchTests.swift */,
			);
			path = CheckListUITests;
			sourceTree = "<group>";
		};
		01E225F52D803CEC008E3AE0 /* Models */ = {
			isa = PBXGroup;
			children = (
				01E225F42D803CEC008E3AE0 /* User.swift */,
				01E226192D806EF2008E3AE0 /* Alarm.swift */,
			);
			path = Models;
			sourceTree = "<group>";
		};
		01E225F72D803CEC008E3AE0 /* ViewModels */ = {
			isa = PBXGroup;
			children = (
				01E226132D80544D008E3AE0 /* AuthenticationViewModel.swift */,
				01E2261B2D806F1A008E3AE0 /* AlarmManager.swift */,
				011B03E02D8402480086605C /* ProfileViewModel.swift */,
			);
			name = ViewModels;
			path = Auth/ViewModels;
			sourceTree = "<group>";
		};
		01E225F92D803CEC008E3AE0 /* Services */ = {
			isa = PBXGroup;
			children = (
				01E225F82D803CEC008E3AE0 /* AuthenticationService.swift */,
			);
			path = Services;
			sourceTree = "<group>";
		};
		01E225FF2D804767008E3AE0 /* Main */ = {
			isa = PBXGroup;
			children = (
				01E226052D8049E4008E3AE0 /* AppDelegate.swift */,
				01E225BD2D8019CC008E3AE0 /* SplashScreenView.swift */,
				01E2258D2D801533008E3AE0 /* CheckListApp.swift */,
			);
			path = Main;
			sourceTree = "<group>";
		};
		01E226002D804788008E3AE0 /* Assets */ = {
			isa = PBXGroup;
			children = (
				01E225912D801536008E3AE0 /* Assets.xcassets */,
			);
			path = Assets;
			sourceTree = "<group>";
		};
		01E226012D8047B1008E3AE0 /* CoreData */ = {
			isa = PBXGroup;
			children = (
				01E225962D801536008E3AE0 /* Persistence.swift */,
				01E225982D801536008E3AE0 /* CheckList.xcdatamodeld */,
			);
			path = CoreData;
			sourceTree = "<group>";
		};
		01E226042D80489F008E3AE0 /* Info */ = {
			isa = PBXGroup;
			children = (
				01E226022D804893008E3AE0 /* GoogleService-Info.plist */,
			);
			path = Info;
			sourceTree = "<group>";
		};
		01E226092D804A89008E3AE0 /* Support */ = {
			isa = PBXGroup;
			children = (
				011B04172D8413110086605C /* ImagePicker.swift */,
				011B04192D84132F0086605C /* MultiImagePicker.swift */,
			);
			path = Support;
			sourceTree = "<group>";
		};
		01E2260B2D804EC4008E3AE0 /* Views */ = {
			isa = PBXGroup;
			children = (
				011B041C2D846B880086605C /* TabBar */,
				011B041B2D8468FE0086605C /* Profile */,
				01E226172D80660E008E3AE0 /* HomeView.swift */,
				01E2260A2D804EC4008E3AE0 /* LoginView.swift */,
				01E2261D2D8073D4008E3AE0 /* AddAlarmView.swift */,
				01E2261F2D8073F4008E3AE0 /* AlarmListView.swift */,
				011B03DC2D81C7EA0086605C /* AlaremBackgroundPicker.swift */,
				011B03DE2D83F8540086605C /* OnboardingView.swift */,
			);
			path = Views;
			sourceTree = "<group>";
		};
/* End PBXGroup section */

/* Begin PBXNativeTarget section */
		01E225892D801533008E3AE0 /* CheckList */ = {
			isa = PBXNativeTarget;
			buildConfigurationList = 01E225B32D801536008E3AE0 /* Build configuration list for PBXNativeTarget "CheckList" */;
			buildPhases = (
				01E225862D801533008E3AE0 /* Sources */,
				01E225872D801533008E3AE0 /* Frameworks */,
				01E225882D801533008E3AE0 /* Resources */,
			);
			buildRules = (
			);
			dependencies = (
			);
			name = CheckList;
			packageProductDependencies = (
				011B03E52D8405070086605C /* FirebaseAnalytics */,
				011B03E72D8405070086605C /* FirebaseAnalyticsOnDeviceConversion */,
				011B03E92D8405070086605C /* FirebaseAnalyticsWithoutAdIdSupport */,
				011B03EB2D8405070086605C /* FirebaseAppCheck */,
				011B03ED2D8405070086605C /* FirebaseAppDistribution-Beta */,
				011B03EF2D8405070086605C /* FirebaseAuth */,
				011B03F12D8405070086605C /* FirebaseAuthCombine-Community */,
				011B03F32D8405070086605C /* FirebaseCore */,
				011B03F52D8405070086605C /* FirebaseCrashlytics */,
				011B03F72D8405070086605C /* FirebaseDatabase */,
				011B03F92D8405070086605C /* FirebaseDynamicLinks */,
				011B03FB2D8405070086605C /* FirebaseFirestore */,
				011B03FD2D8405070086605C /* FirebaseFirestoreCombine-Community */,
				011B03FF2D8405070086605C /* FirebaseFunctions */,
				011B04012D8405070086605C /* FirebaseFunctionsCombine-Community */,
				011B04032D8405070086605C /* FirebaseInAppMessaging-Beta */,
				011B04052D8405070086605C /* FirebaseInstallations */,
				011B04072D8405070086605C /* FirebaseMessaging */,
				011B04092D8405070086605C /* FirebaseMLModelDownloader */,
				011B040B2D8405070086605C /* FirebasePerformance */,
				011B040D2D8405070086605C /* FirebaseRemoteConfig */,
				011B040F2D8405070086605C /* FirebaseStorage */,
				011B04112D8405070086605C /* FirebaseStorageCombine-Community */,
				011B04132D8405070086605C /* FirebaseVertexAI */,
			);
			productName = CheckList;
			productReference = 01E2258A2D801533008E3AE0 /* CheckList.app */;
			productType = "com.apple.product-type.application";
		};
		01E2259E2D801536008E3AE0 /* CheckListTests */ = {
			isa = PBXNativeTarget;
			buildConfigurationList = 01E225B62D801536008E3AE0 /* Build configuration list for PBXNativeTarget "CheckListTests" */;
			buildPhases = (
				01E2259B2D801536008E3AE0 /* Sources */,
				01E2259C2D801536008E3AE0 /* Frameworks */,
				01E2259D2D801536008E3AE0 /* Resources */,
			);
			buildRules = (
			);
			dependencies = (
				01E225A12D801536008E3AE0 /* PBXTargetDependency */,
			);
			name = CheckListTests;
			productName = CheckListTests;
			productReference = 01E2259F2D801536008E3AE0 /* CheckListTests.xctest */;
			productType = "com.apple.product-type.bundle.unit-test";
		};
		01E225A82D801536008E3AE0 /* CheckListUITests */ = {
			isa = PBXNativeTarget;
			buildConfigurationList = 01E225B92D801536008E3AE0 /* Build configuration list for PBXNativeTarget "CheckListUITests" */;
			buildPhases = (
				01E225A52D801536008E3AE0 /* Sources */,
				01E225A62D801536008E3AE0 /* Frameworks */,
				01E225A72D801536008E3AE0 /* Resources */,
			);
			buildRules = (
			);
			dependencies = (
				01E225AB2D801536008E3AE0 /* PBXTargetDependency */,
			);
			name = CheckListUITests;
			productName = CheckListUITests;
			productReference = 01E225A92D801536008E3AE0 /* CheckListUITests.xctest */;
			productType = "com.apple.product-type.bundle.ui-testing";
		};
/* End PBXNativeTarget section */

/* Begin PBXProject section */
		01E225822D801533008E3AE0 /* Project object */ = {
			isa = PBXProject;
			attributes = {
				BuildIndependentTargetsInParallel = 1;
				LastSwiftUpdateCheck = 1540;
				LastUpgradeCheck = 1540;
				TargetAttributes = {
					01E225892D801533008E3AE0 = {
						CreatedOnToolsVersion = 15.4;
					};
					01E2259E2D801536008E3AE0 = {
						CreatedOnToolsVersion = 15.4;
						TestTargetID = 01E225892D801533008E3AE0;
					};
					01E225A82D801536008E3AE0 = {
						CreatedOnToolsVersion = 15.4;
						TestTargetID = 01E225892D801533008E3AE0;
					};
				};
			};
			buildConfigurationList = 01E225852D801533008E3AE0 /* Build configuration list for PBXProject "CheckList" */;
			compatibilityVersion = "Xcode 14.0";
			developmentRegion = en;
			hasScannedForEncodings = 0;
			knownRegions = (
				en,
				Base,
			);
			mainGroup = 01E225812D801533008E3AE0;
			packageReferences = (
				011B03E42D84030E0086605C /* XCRemoteSwiftPackageReference "firebase-ios-sdk" */,
			);
			productRefGroup = 01E2258B2D801533008E3AE0 /* Products */;
			projectDirPath = "";
			projectRoot = "";
			targets = (
				01E225892D801533008E3AE0 /* CheckList */,
				01E2259E2D801536008E3AE0 /* CheckListTests */,
				01E225A82D801536008E3AE0 /* CheckListUITests */,
			);
		};
/* End PBXProject section */

/* Begin PBXResourcesBuildPhase section */
		01E225882D801533008E3AE0 /* Resources */ = {
			isa = PBXResourcesBuildPhase;
			buildActionMask = 2147483647;
			files = (
				01E225952D801536008E3AE0 /* Preview Assets.xcassets in Resources */,
				01E226032D804893008E3AE0 /* GoogleService-Info.plist in Resources */,
				01E225922D801536008E3AE0 /* Assets.xcassets in Resources */,
			);
			runOnlyForDeploymentPostprocessing = 0;
		};
		01E2259D2D801536008E3AE0 /* Resources */ = {
			isa = PBXResourcesBuildPhase;
			buildActionMask = 2147483647;
			files = (
			);
			runOnlyForDeploymentPostprocessing = 0;
		};
		01E225A72D801536008E3AE0 /* Resources */ = {
			isa = PBXResourcesBuildPhase;
			buildActionMask = 2147483647;
			files = (
			);
			runOnlyForDeploymentPostprocessing = 0;
		};
/* End PBXResourcesBuildPhase section */

/* Begin PBXSourcesBuildPhase section */
		01E225862D801533008E3AE0 /* Sources */ = {
			isa = PBXSourcesBuildPhase;
			buildActionMask = 2147483647;
			files = (
				01E226142D80544E008E3AE0 /* AuthenticationViewModel.swift in Sources */,
				01E226072D8049E4008E3AE0 /* AppDelegate.swift in Sources */,
				01E2259A2D801536008E3AE0 /* CheckList.xcdatamodeld in Sources */,
				01E2261C2D806F1A008E3AE0 /* AlarmManager.swift in Sources */,
				01E225972D801536008E3AE0 /* Persistence.swift in Sources */,
				01E226182D80660E008E3AE0 /* HomeView.swift in Sources */,
				01E2260C2D804EC4008E3AE0 /* LoginView.swift in Sources */,
				01E225FA2D803CEC008E3AE0 /* User.swift in Sources */,
				01E2258E2D801533008E3AE0 /* CheckListApp.swift in Sources */,
				01E225BF2D8019CC008E3AE0 /* SplashScreenView.swift in Sources */,
				011B03E32D84029F0086605C /* ProfileView.swift in Sources */,
				01E226202D8073F4008E3AE0 /* AlarmListView.swift in Sources */,
				011B03DD2D81C7EA0086605C /* AlaremBackgroundPicker.swift in Sources */,
				01E225FC2D803CEC008E3AE0 /* AuthenticationService.swift in Sources */,
				011B04162D8411520086605C /* ProfileEditView.swift in Sources */,
				011B041A2D84132F0086605C /* MultiImagePicker.swift in Sources */,
				011B03E12D8402480086605C /* ProfileViewModel.swift in Sources */,
				011B03DF2D83F8540086605C /* OnboardingView.swift in Sources */,
				011B04182D8413110086605C /* ImagePicker.swift in Sources */,
				01E2261E2D8073D4008E3AE0 /* AddAlarmView.swift in Sources */,
				01E2261A2D806EF2008E3AE0 /* Alarm.swift in Sources */,
			);
			runOnlyForDeploymentPostprocessing = 0;
		};
		01E2259B2D801536008E3AE0 /* Sources */ = {
			isa = PBXSourcesBuildPhase;
			buildActionMask = 2147483647;
			files = (
				01E225A42D801536008E3AE0 /* CheckListTests.swift in Sources */,
			);
			runOnlyForDeploymentPostprocessing = 0;
		};
		01E225A52D801536008E3AE0 /* Sources */ = {
			isa = PBXSourcesBuildPhase;
			buildActionMask = 2147483647;
			files = (
				01E225AE2D801536008E3AE0 /* CheckListUITests.swift in Sources */,
				01E225B02D801536008E3AE0 /* CheckListUITestsLaunchTests.swift in Sources */,
			);
			runOnlyForDeploymentPostprocessing = 0;
		};
/* End PBXSourcesBuildPhase section */

/* Begin PBXTargetDependency section */
		01E225A12D801536008E3AE0 /* PBXTargetDependency */ = {
			isa = PBXTargetDependency;
			target = 01E225892D801533008E3AE0 /* CheckList */;
			targetProxy = 01E225A02D801536008E3AE0 /* PBXContainerItemProxy */;
		};
		01E225AB2D801536008E3AE0 /* PBXTargetDependency */ = {
			isa = PBXTargetDependency;
			target = 01E225892D801533008E3AE0 /* CheckList */;
			targetProxy = 01E225AA2D801536008E3AE0 /* PBXContainerItemProxy */;
		};
/* End PBXTargetDependency section */

/* Begin XCBuildConfiguration section */
		01E225B12D801536008E3AE0 /* Debug */ = {
			isa = XCBuildConfiguration;
			buildSettings = {
				ALWAYS_SEARCH_USER_PATHS = NO;
				ASSETCATALOG_COMPILER_GENERATE_SWIFT_ASSET_SYMBOL_EXTENSIONS = YES;
				CLANG_ANALYZER_NONNULL = YES;
				CLANG_ANALYZER_NUMBER_OBJECT_CONVERSION = YES_AGGRESSIVE;
				CLANG_CXX_LANGUAGE_STANDARD = "gnu++20";
				CLANG_ENABLE_MODULES = YES;
				CLANG_ENABLE_OBJC_ARC = YES;
				CLANG_ENABLE_OBJC_WEAK = YES;
				CLANG_WARN_BLOCK_CAPTURE_AUTORELEASING = YES;
				CLANG_WARN_BOOL_CONVERSION = YES;
				CLANG_WARN_COMMA = YES;
				CLANG_WARN_CONSTANT_CONVERSION = YES;
				CLANG_WARN_DEPRECATED_OBJC_IMPLEMENTATIONS = YES;
				CLANG_WARN_DIRECT_OBJC_ISA_USAGE = YES_ERROR;
				CLANG_WARN_DOCUMENTATION_COMMENTS = YES;
				CLANG_WARN_EMPTY_BODY = YES;
				CLANG_WARN_ENUM_CONVERSION = YES;
				CLANG_WARN_INFINITE_RECURSION = YES;
				CLANG_WARN_INT_CONVERSION = YES;
				CLANG_WARN_NON_LITERAL_NULL_CONVERSION = YES;
				CLANG_WARN_OBJC_IMPLICIT_RETAIN_SELF = YES;
				CLANG_WARN_OBJC_LITERAL_CONVERSION = YES;
				CLANG_WARN_OBJC_ROOT_CLASS = YES_ERROR;
				CLANG_WARN_QUOTED_INCLUDE_IN_FRAMEWORK_HEADER = YES;
				CLANG_WARN_RANGE_LOOP_ANALYSIS = YES;
				CLANG_WARN_STRICT_PROTOTYPES = YES;
				CLANG_WARN_SUSPICIOUS_MOVE = YES;
				CLANG_WARN_UNGUARDED_AVAILABILITY = YES_AGGRESSIVE;
				CLANG_WARN_UNREACHABLE_CODE = YES;
				CLANG_WARN__DUPLICATE_METHOD_MATCH = YES;
				COPY_PHASE_STRIP = NO;
				DEBUG_INFORMATION_FORMAT = dwarf;
				ENABLE_STRICT_OBJC_MSGSEND = YES;
				ENABLE_TESTABILITY = YES;
				ENABLE_USER_SCRIPT_SANDBOXING = YES;
				GCC_C_LANGUAGE_STANDARD = gnu17;
				GCC_DYNAMIC_NO_PIC = NO;
				GCC_NO_COMMON_BLOCKS = YES;
				GCC_OPTIMIZATION_LEVEL = 0;
				GCC_PREPROCESSOR_DEFINITIONS = (
					"DEBUG=1",
					"$(inherited)",
				);
				GCC_WARN_64_TO_32_BIT_CONVERSION = YES;
				GCC_WARN_ABOUT_RETURN_TYPE = YES_ERROR;
				GCC_WARN_UNDECLARED_SELECTOR = YES;
				GCC_WARN_UNINITIALIZED_AUTOS = YES_AGGRESSIVE;
				GCC_WARN_UNUSED_FUNCTION = YES;
				GCC_WARN_UNUSED_VARIABLE = YES;
				IPHONEOS_DEPLOYMENT_TARGET = 17.5;
				LOCALIZATION_PREFERS_STRING_CATALOGS = YES;
				MTL_ENABLE_DEBUG_INFO = INCLUDE_SOURCE;
				MTL_FAST_MATH = YES;
				ONLY_ACTIVE_ARCH = YES;
				SDKROOT = iphoneos;
				SWIFT_ACTIVE_COMPILATION_CONDITIONS = "DEBUG $(inherited)";
				SWIFT_OPTIMIZATION_LEVEL = "-Onone";
			};
			name = Debug;
		};
		01E225B22D801536008E3AE0 /* Release */ = {
			isa = XCBuildConfiguration;
			buildSettings = {
				ALWAYS_SEARCH_USER_PATHS = NO;
				ASSETCATALOG_COMPILER_GENERATE_SWIFT_ASSET_SYMBOL_EXTENSIONS = YES;
				CLANG_ANALYZER_NONNULL = YES;
				CLANG_ANALYZER_NUMBER_OBJECT_CONVERSION = YES_AGGRESSIVE;
				CLANG_CXX_LANGUAGE_STANDARD = "gnu++20";
				CLANG_ENABLE_MODULES = YES;
				CLANG_ENABLE_OBJC_ARC = YES;
				CLANG_ENABLE_OBJC_WEAK = YES;
				CLANG_WARN_BLOCK_CAPTURE_AUTORELEASING = YES;
				CLANG_WARN_BOOL_CONVERSION = YES;
				CLANG_WARN_COMMA = YES;
				CLANG_WARN_CONSTANT_CONVERSION = YES;
				CLANG_WARN_DEPRECATED_OBJC_IMPLEMENTATIONS = YES;
				CLANG_WARN_DIRECT_OBJC_ISA_USAGE = YES_ERROR;
				CLANG_WARN_DOCUMENTATION_COMMENTS = YES;
				CLANG_WARN_EMPTY_BODY = YES;
				CLANG_WARN_ENUM_CONVERSION = YES;
				CLANG_WARN_INFINITE_RECURSION = YES;
				CLANG_WARN_INT_CONVERSION = YES;
				CLANG_WARN_NON_LITERAL_NULL_CONVERSION = YES;
				CLANG_WARN_OBJC_IMPLICIT_RETAIN_SELF = YES;
				CLANG_WARN_OBJC_LITERAL_CONVERSION = YES;
				CLANG_WARN_OBJC_ROOT_CLASS = YES_ERROR;
				CLANG_WARN_QUOTED_INCLUDE_IN_FRAMEWORK_HEADER = YES;
				CLANG_WARN_RANGE_LOOP_ANALYSIS = YES;
				CLANG_WARN_STRICT_PROTOTYPES = YES;
				CLANG_WARN_SUSPICIOUS_MOVE = YES;
				CLANG_WARN_UNGUARDED_AVAILABILITY = YES_AGGRESSIVE;
				CLANG_WARN_UNREACHABLE_CODE = YES;
				CLANG_WARN__DUPLICATE_METHOD_MATCH = YES;
				COPY_PHASE_STRIP = NO;
				DEBUG_INFORMATION_FORMAT = "dwarf-with-dsym";
				ENABLE_NS_ASSERTIONS = NO;
				ENABLE_STRICT_OBJC_MSGSEND = YES;
				ENABLE_USER_SCRIPT_SANDBOXING = YES;
				GCC_C_LANGUAGE_STANDARD = gnu17;
				GCC_NO_COMMON_BLOCKS = YES;
				GCC_WARN_64_TO_32_BIT_CONVERSION = YES;
				GCC_WARN_ABOUT_RETURN_TYPE = YES_ERROR;
				GCC_WARN_UNDECLARED_SELECTOR = YES;
				GCC_WARN_UNINITIALIZED_AUTOS = YES_AGGRESSIVE;
				GCC_WARN_UNUSED_FUNCTION = YES;
				GCC_WARN_UNUSED_VARIABLE = YES;
				IPHONEOS_DEPLOYMENT_TARGET = 17.5;
				LOCALIZATION_PREFERS_STRING_CATALOGS = YES;
				MTL_ENABLE_DEBUG_INFO = NO;
				MTL_FAST_MATH = YES;
				SDKROOT = iphoneos;
				SWIFT_COMPILATION_MODE = wholemodule;
				VALIDATE_PRODUCT = YES;
			};
			name = Release;
		};
		01E225B42D801536008E3AE0 /* Debug */ = {
			isa = XCBuildConfiguration;
			buildSettings = {
				ASSETCATALOG_COMPILER_APPICON_NAME = AppIcon;
				ASSETCATALOG_COMPILER_GLOBAL_ACCENT_COLOR_NAME = AccentColor;
				CODE_SIGN_STYLE = Automatic;
				CURRENT_PROJECT_VERSION = 1;
				DEVELOPMENT_ASSET_PATHS = "\"CheckList/Preview Content\"";
				DEVELOPMENT_TEAM = "";
				ENABLE_PREVIEWS = YES;
				GENERATE_INFOPLIST_FILE = YES;
				INFOPLIST_KEY_UIApplicationSceneManifest_Generation = YES;
				INFOPLIST_KEY_UIApplicationSupportsIndirectInputEvents = YES;
				INFOPLIST_KEY_UILaunchScreen_Generation = YES;
				INFOPLIST_KEY_UISupportedInterfaceOrientations_iPad = "UIInterfaceOrientationPortrait UIInterfaceOrientationPortraitUpsideDown UIInterfaceOrientationLandscapeLeft UIInterfaceOrientationLandscapeRight";
				INFOPLIST_KEY_UISupportedInterfaceOrientations_iPhone = "UIInterfaceOrientationPortrait UIInterfaceOrientationLandscapeLeft UIInterfaceOrientationLandscapeRight";
				LD_RUNPATH_SEARCH_PATHS = (
					"$(inherited)",
					"@executable_path/Frameworks",
				);
				MARKETING_VERSION = 1.0;
				PRODUCT_BUNDLE_IDENTIFIER = com.sivakumar.CheckList;
				PRODUCT_NAME = "$(TARGET_NAME)";
				SWIFT_EMIT_LOC_STRINGS = YES;
				SWIFT_VERSION = 5.0;
				TARGETED_DEVICE_FAMILY = "1,2";
			};
			name = Debug;
		};
		01E225B52D801536008E3AE0 /* Release */ = {
			isa = XCBuildConfiguration;
			buildSettings = {
				ASSETCATALOG_COMPILER_APPICON_NAME = AppIcon;
				ASSETCATALOG_COMPILER_GLOBAL_ACCENT_COLOR_NAME = AccentColor;
				CODE_SIGN_STYLE = Automatic;
				CURRENT_PROJECT_VERSION = 1;
				DEVELOPMENT_ASSET_PATHS = "\"CheckList/Preview Content\"";
				DEVELOPMENT_TEAM = "";
				ENABLE_PREVIEWS = YES;
				GENERATE_INFOPLIST_FILE = YES;
				INFOPLIST_KEY_UIApplicationSceneManifest_Generation = YES;
				INFOPLIST_KEY_UIApplicationSupportsIndirectInputEvents = YES;
				INFOPLIST_KEY_UILaunchScreen_Generation = YES;
				INFOPLIST_KEY_UISupportedInterfaceOrientations_iPad = "UIInterfaceOrientationPortrait UIInterfaceOrientationPortraitUpsideDown UIInterfaceOrientationLandscapeLeft UIInterfaceOrientationLandscapeRight";
				INFOPLIST_KEY_UISupportedInterfaceOrientations_iPhone = "UIInterfaceOrientationPortrait UIInterfaceOrientationLandscapeLeft UIInterfaceOrientationLandscapeRight";
				LD_RUNPATH_SEARCH_PATHS = (
					"$(inherited)",
					"@executable_path/Frameworks",
				);
				MARKETING_VERSION = 1.0;
				PRODUCT_BUNDLE_IDENTIFIER = com.sivakumar.CheckList;
				PRODUCT_NAME = "$(TARGET_NAME)";
				SWIFT_EMIT_LOC_STRINGS = YES;
				SWIFT_VERSION = 5.0;
				TARGETED_DEVICE_FAMILY = "1,2";
			};
			name = Release;
		};
		01E225B72D801536008E3AE0 /* Debug */ = {
			isa = XCBuildConfiguration;
			buildSettings = {
				ALWAYS_EMBED_SWIFT_STANDARD_LIBRARIES = YES;
				BUNDLE_LOADER = "$(TEST_HOST)";
				CODE_SIGN_STYLE = Automatic;
				CURRENT_PROJECT_VERSION = 1;
				GENERATE_INFOPLIST_FILE = YES;
				IPHONEOS_DEPLOYMENT_TARGET = 17.5;
				MARKETING_VERSION = 1.0;
				PRODUCT_BUNDLE_IDENTIFIER = com.sivakumar.CheckListTests;
				PRODUCT_NAME = "$(TARGET_NAME)";
				SWIFT_EMIT_LOC_STRINGS = NO;
				SWIFT_VERSION = 5.0;
				TARGETED_DEVICE_FAMILY = "1,2";
				TEST_HOST = "$(BUILT_PRODUCTS_DIR)/CheckList.app/$(BUNDLE_EXECUTABLE_FOLDER_PATH)/CheckList";
			};
			name = Debug;
		};
		01E225B82D801536008E3AE0 /* Release */ = {
			isa = XCBuildConfiguration;
			buildSettings = {
				ALWAYS_EMBED_SWIFT_STANDARD_LIBRARIES = YES;
				BUNDLE_LOADER = "$(TEST_HOST)";
				CODE_SIGN_STYLE = Automatic;
				CURRENT_PROJECT_VERSION = 1;
				GENERATE_INFOPLIST_FILE = YES;
				IPHONEOS_DEPLOYMENT_TARGET = 17.5;
				MARKETING_VERSION = 1.0;
				PRODUCT_BUNDLE_IDENTIFIER = com.sivakumar.CheckListTests;
				PRODUCT_NAME = "$(TARGET_NAME)";
				SWIFT_EMIT_LOC_STRINGS = NO;
				SWIFT_VERSION = 5.0;
				TARGETED_DEVICE_FAMILY = "1,2";
				TEST_HOST = "$(BUILT_PRODUCTS_DIR)/CheckList.app/$(BUNDLE_EXECUTABLE_FOLDER_PATH)/CheckList";
			};
			name = Release;
		};
		01E225BA2D801536008E3AE0 /* Debug */ = {
			isa = XCBuildConfiguration;
			buildSettings = {
				ALWAYS_EMBED_SWIFT_STANDARD_LIBRARIES = YES;
				CODE_SIGN_STYLE = Automatic;
				CURRENT_PROJECT_VERSION = 1;
				GENERATE_INFOPLIST_FILE = YES;
				MARKETING_VERSION = 1.0;
				PRODUCT_BUNDLE_IDENTIFIER = com.sivakumar.CheckListUITests;
				PRODUCT_NAME = "$(TARGET_NAME)";
				SWIFT_EMIT_LOC_STRINGS = NO;
				SWIFT_VERSION = 5.0;
				TARGETED_DEVICE_FAMILY = "1,2";
				TEST_TARGET_NAME = CheckList;
			};
			name = Debug;
		};
		01E225BB2D801536008E3AE0 /* Release */ = {
			isa = XCBuildConfiguration;
			buildSettings = {
				ALWAYS_EMBED_SWIFT_STANDARD_LIBRARIES = YES;
				CODE_SIGN_STYLE = Automatic;
				CURRENT_PROJECT_VERSION = 1;
				GENERATE_INFOPLIST_FILE = YES;
				MARKETING_VERSION = 1.0;
				PRODUCT_BUNDLE_IDENTIFIER = com.sivakumar.CheckListUITests;
				PRODUCT_NAME = "$(TARGET_NAME)";
				SWIFT_EMIT_LOC_STRINGS = NO;
				SWIFT_VERSION = 5.0;
				TARGETED_DEVICE_FAMILY = "1,2";
				TEST_TARGET_NAME = CheckList;
			};
			name = Release;
		};
/* End XCBuildConfiguration section */

/* Begin XCConfigurationList section */
		01E225852D801533008E3AE0 /* Build configuration list for PBXProject "CheckList" */ = {
			isa = XCConfigurationList;
			buildConfigurations = (
				01E225B12D801536008E3AE0 /* Debug */,
				01E225B22D801536008E3AE0 /* Release */,
			);
			defaultConfigurationIsVisible = 0;
			defaultConfigurationName = Release;
		};
		01E225B32D801536008E3AE0 /* Build configuration list for PBXNativeTarget "CheckList" */ = {
			isa = XCConfigurationList;
			buildConfigurations = (
				01E225B42D801536008E3AE0 /* Debug */,
				01E225B52D801536008E3AE0 /* Release */,
			);
			defaultConfigurationIsVisible = 0;
			defaultConfigurationName = Release;
		};
		01E225B62D801536008E3AE0 /* Build configuration list for PBXNativeTarget "CheckListTests" */ = {
			isa = XCConfigurationList;
			buildConfigurations = (
				01E225B72D801536008E3AE0 /* Debug */,
				01E225B82D801536008E3AE0 /* Release */,
			);
			defaultConfigurationIsVisible = 0;
			defaultConfigurationName = Release;
		};
		01E225B92D801536008E3AE0 /* Build configuration list for PBXNativeTarget "CheckListUITests" */ = {
			isa = XCConfigurationList;
			buildConfigurations = (
				01E225BA2D801536008E3AE0 /* Debug */,
				01E225BB2D801536008E3AE0 /* Release */,
			);
			defaultConfigurationIsVisible = 0;
			defaultConfigurationName = Release;
		};
/* End XCConfigurationList section */

/* Begin XCRemoteSwiftPackageReference section */
		011B03E42D84030E0086605C /* XCRemoteSwiftPackageReference "firebase-ios-sdk" */ = {
			isa = XCRemoteSwiftPackageReference;
			repositoryURL = "https://github.com/firebase/firebase-ios-sdk";
			requirement = {
				kind = upToNextMajorVersion;
				minimumVersion = 11.9.0;
			};
		};
/* End XCRemoteSwiftPackageReference section */

/* Begin XCSwiftPackageProductDependency section */
		011B03E52D8405070086605C /* FirebaseAnalytics */ = {
			isa = XCSwiftPackageProductDependency;
			package = 011B03E42D84030E0086605C /* XCRemoteSwiftPackageReference "firebase-ios-sdk" */;
			productName = FirebaseAnalytics;
		};
		011B03E72D8405070086605C /* FirebaseAnalyticsOnDeviceConversion */ = {
			isa = XCSwiftPackageProductDependency;
			package = 011B03E42D84030E0086605C /* XCRemoteSwiftPackageReference "firebase-ios-sdk" */;
			productName = FirebaseAnalyticsOnDeviceConversion;
		};
		011B03E92D8405070086605C /* FirebaseAnalyticsWithoutAdIdSupport */ = {
			isa = XCSwiftPackageProductDependency;
			package = 011B03E42D84030E0086605C /* XCRemoteSwiftPackageReference "firebase-ios-sdk" */;
			productName = FirebaseAnalyticsWithoutAdIdSupport;
		};
		011B03EB2D8405070086605C /* FirebaseAppCheck */ = {
			isa = XCSwiftPackageProductDependency;
			package = 011B03E42D84030E0086605C /* XCRemoteSwiftPackageReference "firebase-ios-sdk" */;
			productName = FirebaseAppCheck;
		};
		011B03ED2D8405070086605C /* FirebaseAppDistribution-Beta */ = {
			isa = XCSwiftPackageProductDependency;
			package = 011B03E42D84030E0086605C /* XCRemoteSwiftPackageReference "firebase-ios-sdk" */;
			productName = "FirebaseAppDistribution-Beta";
		};
		011B03EF2D8405070086605C /* FirebaseAuth */ = {
			isa = XCSwiftPackageProductDependency;
			package = 011B03E42D84030E0086605C /* XCRemoteSwiftPackageReference "firebase-ios-sdk" */;
			productName = FirebaseAuth;
		};
		011B03F12D8405070086605C /* FirebaseAuthCombine-Community */ = {
			isa = XCSwiftPackageProductDependency;
			package = 011B03E42D84030E0086605C /* XCRemoteSwiftPackageReference "firebase-ios-sdk" */;
			productName = "FirebaseAuthCombine-Community";
		};
		011B03F32D8405070086605C /* FirebaseCore */ = {
			isa = XCSwiftPackageProductDependency;
			package = 011B03E42D84030E0086605C /* XCRemoteSwiftPackageReference "firebase-ios-sdk" */;
			productName = FirebaseCore;
		};
		011B03F52D8405070086605C /* FirebaseCrashlytics */ = {
			isa = XCSwiftPackageProductDependency;
			package = 011B03E42D84030E0086605C /* XCRemoteSwiftPackageReference "firebase-ios-sdk" */;
			productName = FirebaseCrashlytics;
		};
		011B03F72D8405070086605C /* FirebaseDatabase */ = {
			isa = XCSwiftPackageProductDependency;
			package = 011B03E42D84030E0086605C /* XCRemoteSwiftPackageReference "firebase-ios-sdk" */;
			productName = FirebaseDatabase;
		};
		011B03F92D8405070086605C /* FirebaseDynamicLinks */ = {
			isa = XCSwiftPackageProductDependency;
			package = 011B03E42D84030E0086605C /* XCRemoteSwiftPackageReference "firebase-ios-sdk" */;
			productName = FirebaseDynamicLinks;
		};
		011B03FB2D8405070086605C /* FirebaseFirestore */ = {
			isa = XCSwiftPackageProductDependency;
			package = 011B03E42D84030E0086605C /* XCRemoteSwiftPackageReference "firebase-ios-sdk" */;
			productName = FirebaseFirestore;
		};
		011B03FD2D8405070086605C /* FirebaseFirestoreCombine-Community */ = {
			isa = XCSwiftPackageProductDependency;
			package = 011B03E42D84030E0086605C /* XCRemoteSwiftPackageReference "firebase-ios-sdk" */;
			productName = "FirebaseFirestoreCombine-Community";
		};
		011B03FF2D8405070086605C /* FirebaseFunctions */ = {
			isa = XCSwiftPackageProductDependency;
			package = 011B03E42D84030E0086605C /* XCRemoteSwiftPackageReference "firebase-ios-sdk" */;
			productName = FirebaseFunctions;
		};
		011B04012D8405070086605C /* FirebaseFunctionsCombine-Community */ = {
			isa = XCSwiftPackageProductDependency;
			package = 011B03E42D84030E0086605C /* XCRemoteSwiftPackageReference "firebase-ios-sdk" */;
			productName = "FirebaseFunctionsCombine-Community";
		};
		011B04032D8405070086605C /* FirebaseInAppMessaging-Beta */ = {
			isa = XCSwiftPackageProductDependency;
			package = 011B03E42D84030E0086605C /* XCRemoteSwiftPackageReference "firebase-ios-sdk" */;
			productName = "FirebaseInAppMessaging-Beta";
		};
		011B04052D8405070086605C /* FirebaseInstallations */ = {
			isa = XCSwiftPackageProductDependency;
			package = 011B03E42D84030E0086605C /* XCRemoteSwiftPackageReference "firebase-ios-sdk" */;
			productName = FirebaseInstallations;
		};
		011B04072D8405070086605C /* FirebaseMessaging */ = {
			isa = XCSwiftPackageProductDependency;
			package = 011B03E42D84030E0086605C /* XCRemoteSwiftPackageReference "firebase-ios-sdk" */;
			productName = FirebaseMessaging;
		};
		011B04092D8405070086605C /* FirebaseMLModelDownloader */ = {
			isa = XCSwiftPackageProductDependency;
			package = 011B03E42D84030E0086605C /* XCRemoteSwiftPackageReference "firebase-ios-sdk" */;
			productName = FirebaseMLModelDownloader;
		};
		011B040B2D8405070086605C /* FirebasePerformance */ = {
			isa = XCSwiftPackageProductDependency;
			package = 011B03E42D84030E0086605C /* XCRemoteSwiftPackageReference "firebase-ios-sdk" */;
			productName = FirebasePerformance;
		};
		011B040D2D8405070086605C /* FirebaseRemoteConfig */ = {
			isa = XCSwiftPackageProductDependency;
			package = 011B03E42D84030E0086605C /* XCRemoteSwiftPackageReference "firebase-ios-sdk" */;
			productName = FirebaseRemoteConfig;
		};
		011B040F2D8405070086605C /* FirebaseStorage */ = {
			isa = XCSwiftPackageProductDependency;
			package = 011B03E42D84030E0086605C /* XCRemoteSwiftPackageReference "firebase-ios-sdk" */;
			productName = FirebaseStorage;
		};
		011B04112D8405070086605C /* FirebaseStorageCombine-Community */ = {
			isa = XCSwiftPackageProductDependency;
			package = 011B03E42D84030E0086605C /* XCRemoteSwiftPackageReference "firebase-ios-sdk" */;
			productName = "FirebaseStorageCombine-Community";
		};
		011B04132D8405070086605C /* FirebaseVertexAI */ = {
			isa = XCSwiftPackageProductDependency;
			package = 011B03E42D84030E0086605C /* XCRemoteSwiftPackageReference "firebase-ios-sdk" */;
			productName = FirebaseVertexAI;
		};
/* End XCSwiftPackageProductDependency section */

/* Begin XCVersionGroup section */
		01E225982D801536008E3AE0 /* CheckList.xcdatamodeld */ = {
			isa = XCVersionGroup;
			children = (
				01E225992D801536008E3AE0 /* CheckList.xcdatamodel */,
			);
			currentVersion = 01E225992D801536008E3AE0 /* CheckList.xcdatamodel */;
			path = CheckList.xcdatamodeld;
			sourceTree = "<group>";
			versionGroupType = wrapper.xcdatamodel;
		};
/* End XCVersionGroup section */
	};
	rootObject = 01E225822D801533008E3AE0 /* Project object */;
}
